
Microsoft Visual Studio Solution File, Format Version 12.00
# Visual Studio Version 16
VisualStudioVersion = 16.0.29503.13
MinimumVisualStudioVersion = 10.0.40219.1
Project("{9A19103F-16F7-4668-BE54-9A1E7A4F7556}") = "1_MultiplesOf3and5", "1_MultiplesOf3and5\1_MultiplesOf3and5.csproj", "{B6EEAA92-4BE5-4507-A86C-7ADC55C5B28C}"
EndProject
Project("{9A19103F-16F7-4668-BE54-9A1E7A4F7556}") = "2_EvenFibonacciNumbers", "2_EvenFibonacciNumbers\2_EvenFibonacciNumbers.csproj", "{5346576E-D779-46DF-AC1A-1C985C8B2B96}"
EndProject
Project("{9A19103F-16F7-4668-BE54-9A1E7A4F7556}") = "0_Base", "0_sev\0_Base.csproj", "{821F7E41-6A73-4E42-A962-96F34619DAA1}"
EndProject
Project("{9A19103F-16F7-4668-BE54-9A1E7A4F7556}") = "3_LargestPrimeFactor", "3_LargestPrimeFactor\3_LargestPrimeFactor.csproj", "{CE5E4D3D-D6B5-418F-AB8A-71742D1CF007}"
EndProject
Project("{9A19103F-16F7-4668-BE54-9A1E7A4F7556}") = "4_LargestPalindromeProduct", "4_LargestPalindromeProduct\4_LargestPalindromeProduct.csproj", "{94AD2986-E74E-448A-A951-598325A7528B}"
EndProject
Project("{9A19103F-16F7-4668-BE54-9A1E7A4F7556}") = "5_SmallestMultiple", "5_SmallestMultiple\5_SmallestMultiple.csproj", "{6A832829-0DBC-4DA4-9D58-C65B2D3D1A2D}"
EndProject
Project("{9A19103F-16F7-4668-BE54-9A1E7A4F7556}") = "6_SumSquareDifference", "6_SumSquareDifference\6_SumSquareDifference.csproj", "{705B4E3B-51B2-4F9B-8FCE-555324032D5A}"
EndProject
Project("{2150E333-8FDC-42A3-9474-1A3956D46DE8}") = "100", "100", "{80671D15-031F-4DA8-9796-460B0EA2F80A}"
EndProject
Project("{9A19103F-16F7-4668-BE54-9A1E7A4F7556}") = "7_10001stPrime", "7_10001stPrime\7_10001stPrime.csproj", "{130AA2CB-BBC7-45FC-82AC-CB3DA37E7449}"
EndProject
Project("{2150E333-8FDC-42A3-9474-1A3956D46DE8}") = "10", "10", "{BC72AD02-F511-42AE-A763-25BC2A613D8F}"
EndProject
Project("{9A19103F-16F7-4668-BE54-9A1E7A4F7556}") = "8_LargestProductInASerie", "8_LargestProductInASerie\8_LargestProductInASerie.csproj", "{5974743F-7425-40A2-A4D0-41163B691434}"
EndProject
Project("{9A19103F-16F7-4668-BE54-9A1E7A4F7556}") = "9_SpecialPythagoreanTriplet", "SpecialPythagoreanTriplet\9_SpecialPythagoreanTriplet.csproj", "{D2D9F58E-4DB6-4178-B821-EE615F5209DD}"
EndProject
Project("{9A19103F-16F7-4668-BE54-9A1E7A4F7556}") = "10_SummationOfPrimes", "10_SummationOfPrimes\10_SummationOfPrimes.csproj", "{83C69D71-A8FD-4465-9EB1-FE90CA133A6B}"
EndProject
Project("{2150E333-8FDC-42A3-9474-1A3956D46DE8}") = "20", "20", "{8F5A2278-1EDA-4019-9365-9F55F83C36CE}"
EndProject
Project("{FAE04EC0-301F-11D3-BF4B-00C04F79EFBC}") = "11_LargestProductInAGrid", "11_LargestProductInAGrid\11_LargestProductInAGrid.csproj", "{FB3C08FF-98E6-436E-A97A-21085F2A6798}"
EndProject
Global
	GlobalSection(SolutionConfigurationPlatforms) = preSolution
		Debug|Any CPU = Debug|Any CPU
		Release|Any CPU = Release|Any CPU
	EndGlobalSection
	GlobalSection(ProjectConfigurationPlatforms) = postSolution
		{B6EEAA92-4BE5-4507-A86C-7ADC55C5B28C}.Debug|Any CPU.ActiveCfg = Debug|Any CPU
		{B6EEAA92-4BE5-4507-A86C-7ADC55C5B28C}.Debug|Any CPU.Build.0 = Debug|Any CPU
		{B6EEAA92-4BE5-4507-A86C-7ADC55C5B28C}.Release|Any CPU.ActiveCfg = Release|Any CPU
		{B6EEAA92-4BE5-4507-A86C-7ADC55C5B28C}.Release|Any CPU.Build.0 = Release|Any CPU
		{5346576E-D779-46DF-AC1A-1C985C8B2B96}.Debug|Any CPU.ActiveCfg = Debug|Any CPU
		{5346576E-D779-46DF-AC1A-1C985C8B2B96}.Debug|Any CPU.Build.0 = Debug|Any CPU
		{5346576E-D779-46DF-AC1A-1C985C8B2B96}.Release|Any CPU.ActiveCfg = Release|Any CPU
		{5346576E-D779-46DF-AC1A-1C985C8B2B96}.Release|Any CPU.Build.0 = Release|Any CPU
		{821F7E41-6A73-4E42-A962-96F34619DAA1}.Debug|Any CPU.ActiveCfg = Debug|Any CPU
		{821F7E41-6A73-4E42-A962-96F34619DAA1}.Debug|Any CPU.Build.0 = Debug|Any CPU
		{821F7E41-6A73-4E42-A962-96F34619DAA1}.Release|Any CPU.ActiveCfg = Release|Any CPU
		{821F7E41-6A73-4E42-A962-96F34619DAA1}.Release|Any CPU.Build.0 = Release|Any CPU
		{CE5E4D3D-D6B5-418F-AB8A-71742D1CF007}.Debug|Any CPU.ActiveCfg = Debug|Any CPU
		{CE5E4D3D-D6B5-418F-AB8A-71742D1CF007}.Debug|Any CPU.Build.0 = Debug|Any CPU
		{CE5E4D3D-D6B5-418F-AB8A-71742D1CF007}.Release|Any CPU.ActiveCfg = Release|Any CPU
		{CE5E4D3D-D6B5-418F-AB8A-71742D1CF007}.Release|Any CPU.Build.0 = Release|Any CPU
		{94AD2986-E74E-448A-A951-598325A7528B}.Debug|Any CPU.ActiveCfg = Debug|Any CPU
		{94AD2986-E74E-448A-A951-598325A7528B}.Debug|Any CPU.Build.0 = Debug|Any CPU
		{94AD2986-E74E-448A-A951-598325A7528B}.Release|Any CPU.ActiveCfg = Release|Any CPU
		{94AD2986-E74E-448A-A951-598325A7528B}.Release|Any CPU.Build.0 = Release|Any CPU
		{6A832829-0DBC-4DA4-9D58-C65B2D3D1A2D}.Debug|Any CPU.ActiveCfg = Debug|Any CPU
		{6A832829-0DBC-4DA4-9D58-C65B2D3D1A2D}.Debug|Any CPU.Build.0 = Debug|Any CPU
		{6A832829-0DBC-4DA4-9D58-C65B2D3D1A2D}.Release|Any CPU.ActiveCfg = Release|Any CPU
		{6A832829-0DBC-4DA4-9D58-C65B2D3D1A2D}.Release|Any CPU.Build.0 = Release|Any CPU
		{705B4E3B-51B2-4F9B-8FCE-555324032D5A}.Debug|Any CPU.ActiveCfg = Debug|Any CPU
		{705B4E3B-51B2-4F9B-8FCE-555324032D5A}.Debug|Any CPU.Build.0 = Debug|Any CPU
		{705B4E3B-51B2-4F9B-8FCE-555324032D5A}.Release|Any CPU.ActiveCfg = Release|Any CPU
		{705B4E3B-51B2-4F9B-8FCE-555324032D5A}.Release|Any CPU.Build.0 = Release|Any CPU
		{130AA2CB-BBC7-45FC-82AC-CB3DA37E7449}.Debug|Any CPU.ActiveCfg = Debug|Any CPU
		{130AA2CB-BBC7-45FC-82AC-CB3DA37E7449}.Debug|Any CPU.Build.0 = Debug|Any CPU
		{130AA2CB-BBC7-45FC-82AC-CB3DA37E7449}.Release|Any CPU.ActiveCfg = Release|Any CPU
		{130AA2CB-BBC7-45FC-82AC-CB3DA37E7449}.Release|Any CPU.Build.0 = Release|Any CPU
		{5974743F-7425-40A2-A4D0-41163B691434}.Debug|Any CPU.ActiveCfg = Debug|Any CPU
		{5974743F-7425-40A2-A4D0-41163B691434}.Debug|Any CPU.Build.0 = Debug|Any CPU
		{5974743F-7425-40A2-A4D0-41163B691434}.Release|Any CPU.ActiveCfg = Release|Any CPU
		{5974743F-7425-40A2-A4D0-41163B691434}.Release|Any CPU.Build.0 = Release|Any CPU
		{D2D9F58E-4DB6-4178-B821-EE615F5209DD}.Debug|Any CPU.ActiveCfg = Debug|Any CPU
		{D2D9F58E-4DB6-4178-B821-EE615F5209DD}.Debug|Any CPU.Build.0 = Debug|Any CPU
		{D2D9F58E-4DB6-4178-B821-EE615F5209DD}.Release|Any CPU.ActiveCfg = Release|Any CPU
		{D2D9F58E-4DB6-4178-B821-EE615F5209DD}.Release|Any CPU.Build.0 = Release|Any CPU
		{83C69D71-A8FD-4465-9EB1-FE90CA133A6B}.Debug|Any CPU.ActiveCfg = Debug|Any CPU
		{83C69D71-A8FD-4465-9EB1-FE90CA133A6B}.Debug|Any CPU.Build.0 = Debug|Any CPU
		{83C69D71-A8FD-4465-9EB1-FE90CA133A6B}.Release|Any CPU.ActiveCfg = Release|Any CPU
		{83C69D71-A8FD-4465-9EB1-FE90CA133A6B}.Release|Any CPU.Build.0 = Release|Any CPU
		{FB3C08FF-98E6-436E-A97A-21085F2A6798}.Debug|Any CPU.ActiveCfg = Debug|Any CPU
		{FB3C08FF-98E6-436E-A97A-21085F2A6798}.Debug|Any CPU.Build.0 = Debug|Any CPU
		{FB3C08FF-98E6-436E-A97A-21085F2A6798}.Release|Any CPU.ActiveCfg = Release|Any CPU
		{FB3C08FF-98E6-436E-A97A-21085F2A6798}.Release|Any CPU.Build.0 = Release|Any CPU
	EndGlobalSection
	GlobalSection(SolutionProperties) = preSolution
		HideSolutionNode = FALSE
	EndGlobalSection
	GlobalSection(NestedProjects) = preSolution
		{B6EEAA92-4BE5-4507-A86C-7ADC55C5B28C} = {BC72AD02-F511-42AE-A763-25BC2A613D8F}
		{5346576E-D779-46DF-AC1A-1C985C8B2B96} = {BC72AD02-F511-42AE-A763-25BC2A613D8F}
		{CE5E4D3D-D6B5-418F-AB8A-71742D1CF007} = {BC72AD02-F511-42AE-A763-25BC2A613D8F}
		{94AD2986-E74E-448A-A951-598325A7528B} = {BC72AD02-F511-42AE-A763-25BC2A613D8F}
		{6A832829-0DBC-4DA4-9D58-C65B2D3D1A2D} = {BC72AD02-F511-42AE-A763-25BC2A613D8F}
		{705B4E3B-51B2-4F9B-8FCE-555324032D5A} = {BC72AD02-F511-42AE-A763-25BC2A613D8F}
		{130AA2CB-BBC7-45FC-82AC-CB3DA37E7449} = {BC72AD02-F511-42AE-A763-25BC2A613D8F}
		{BC72AD02-F511-42AE-A763-25BC2A613D8F} = {80671D15-031F-4DA8-9796-460B0EA2F80A}
		{5974743F-7425-40A2-A4D0-41163B691434} = {BC72AD02-F511-42AE-A763-25BC2A613D8F}
		{D2D9F58E-4DB6-4178-B821-EE615F5209DD} = {BC72AD02-F511-42AE-A763-25BC2A613D8F}
		{83C69D71-A8FD-4465-9EB1-FE90CA133A6B} = {BC72AD02-F511-42AE-A763-25BC2A613D8F}
		{8F5A2278-1EDA-4019-9365-9F55F83C36CE} = {80671D15-031F-4DA8-9796-460B0EA2F80A}
		{FB3C08FF-98E6-436E-A97A-21085F2A6798} = {8F5A2278-1EDA-4019-9365-9F55F83C36CE}
	EndGlobalSection
	GlobalSection(ExtensibilityGlobals) = postSolution
		SolutionGuid = {D0BE92F3-1F77-4757-8E15-30243FA9B02B}
	EndGlobalSection
EndGlobal
